
Microsoft Visual Studio Solution File, Format Version 12.00
# Visual Studio 15
VisualStudioVersion = 15.0.28307.106
MinimumVisualStudioVersion = 10.0.40219.1
Project("{FAE04EC0-301F-11D3-BF4B-00C04F79EFBC}") = "MiddleTermExam", "MiddleTermExam\MiddleTermExam.csproj", "{DABEFA06-AE4F-4AB8-96A2-0E017F4CAB45}"
EndProject
Project("{FAE04EC0-301F-11D3-BF4B-00C04F79EFBC}") = "UnitTestForRecepit", "UnitTestForRecepit\UnitTestForRecepit.csproj", "{669671D8-FCF5-44DF-9BB9-0F07C04FFDB1}"
EndProject
Global
	GlobalSection(SolutionConfigurationPlatforms) = preSolution
		Debug|Any CPU = Debug|Any CPU
		Release|Any CPU = Release|Any CPU
	EndGlobalSection
	GlobalSection(ProjectConfigurationPlatforms) = postSolution
		{DABEFA06-AE4F-4AB8-96A2-0E017F4CAB45}.Debug|Any CPU.ActiveCfg = Debug|Any CPU
		{DABEFA06-AE4F-4AB8-96A2-0E017F4CAB45}.Debug|Any CPU.Build.0 = Debug|Any CPU
		{DABEFA06-AE4F-4AB8-96A2-0E017F4CAB45}.Release|Any CPU.ActiveCfg = Release|Any CPU
		{DABEFA06-AE4F-4AB8-96A2-0E017F4CAB45}.Release|Any CPU.Build.0 = Release|Any CPU
		{669671D8-FCF5-44DF-9BB9-0F07C04FFDB1}.Debug|Any CPU.ActiveCfg = Debug|Any CPU
		{669671D8-FCF5-44DF-9BB9-0F07C04FFDB1}.Debug|Any CPU.Build.0 = Debug|Any CPU
		{669671D8-FCF5-44DF-9BB9-0F07C04FFDB1}.Release|Any CPU.ActiveCfg = Release|Any CPU
		{669671D8-FCF5-44DF-9BB9-0F07C04FFDB1}.Release|Any CPU.Build.0 = Release|Any CPU
	EndGlobalSection
	GlobalSection(SolutionProperties) = preSolution
		HideSolutionNode = FALSE
	EndGlobalSection
	GlobalSection(ExtensibilityGlobals) = postSolution
		SolutionGuid = {8DFC8B58-D037-4E2F-95F3-18712EEBC689}
	EndGlobalSection
EndGlobal
